
Microsoft Visual Studio Solution File, Format Version 12.00
# Visual Studio Version 16
VisualStudioVersion = 16.0.29409.12
MinimumVisualStudioVersion = 10.0.40219.1
Project("{FAE04EC0-301F-11D3-BF4B-00C04F79EFBC}") = "ServerlessDreidel", "ServerlessDreidel\ServerlessDreidel.csproj", "{18732C52-5637-4387-B34B-E8AAECCD665D}"
EndProject
Global
	GlobalSection(SolutionConfigurationPlatforms) = preSolution
		Debug|Any CPU = Debug|Any CPU
		Release|Any CPU = Release|Any CPU
	EndGlobalSection
	GlobalSection(ProjectConfigurationPlatforms) = postSolution
		{18732C52-5637-4387-B34B-E8AAECCD665D}.Debug|Any CPU.ActiveCfg = Debug|Any CPU
		{18732C52-5637-4387-B34B-E8AAECCD665D}.Debug|Any CPU.Build.0 = Debug|Any CPU
		{18732C52-5637-4387-B34B-E8AAECCD665D}.Release|Any CPU.ActiveCfg = Release|Any CPU
		{18732C52-5637-4387-B34B-E8AAECCD665D}.Release|Any CPU.Build.0 = Release|Any CPU
	EndGlobalSection
	GlobalSection(SolutionProperties) = preSolution
		HideSolutionNode = FALSE
	EndGlobalSection
	GlobalSection(ExtensibilityGlobals) = postSolution
		SolutionGuid = {CC77DD09-337B-47AA-90E6-C750A1D0D2D8}
	EndGlobalSection
EndGlobal
